
Microsoft Visual Studio Solution File, Format Version 12.00
# Visual Studio Version 17
VisualStudioVersion = 17.13.35828.75 d17.13
MinimumVisualStudioVersion = 10.0.40219.1
Project("{FAE04EC0-301F-11D3-BF4B-00C04F79EFBC}") = "WeatherService", "WeatherService\WeatherService.csproj", "{EC2386BA-AAF7-442F-8945-615CB7FEDB25}"
EndProject
Global
	GlobalSection(SolutionConfigurationPlatforms) = preSolution
		Debug|Any CPU = Debug|Any CPU
		Release|Any CPU = Release|Any CPU
	EndGlobalSection
	GlobalSection(ProjectConfigurationPlatforms) = postSolution
		{EC2386BA-AAF7-442F-8945-615CB7FEDB25}.Debug|Any CPU.ActiveCfg = Debug|Any CPU
		{EC2386BA-AAF7-442F-8945-615CB7FEDB25}.Debug|Any CPU.Build.0 = Debug|Any CPU
		{EC2386BA-AAF7-442F-8945-615CB7FEDB25}.Release|Any CPU.ActiveCfg = Release|Any CPU
		{EC2386BA-AAF7-442F-8945-615CB7FEDB25}.Release|Any CPU.Build.0 = Release|Any CPU
	EndGlobalSection
	GlobalSection(SolutionProperties) = preSolution
		HideSolutionNode = FALSE
	EndGlobalSection
	GlobalSection(ExtensibilityGlobals) = postSolution
		SolutionGuid = {60263A9C-3F66-4D11-A162-E29885191360}
	EndGlobalSection
EndGlobal
